
Microsoft Visual Studio Solution File, Format Version 12.00
# Visual Studio Version 16
VisualStudioVersion = 16.0.32413.511
MinimumVisualStudioVersion = 10.0.40219.1
Project("{FAE04EC0-301F-11D3-BF4B-00C04F79EFBC}") = "ConsoleApp1", "ConsoleApp1.csproj", "{51C51D5E-CCFC-4E30-BE89-4B5AE5F90F02}"
EndProject
Global
	GlobalSection(SolutionConfigurationPlatforms) = preSolution
		Debug|Any CPU = Debug|Any CPU
		Release|Any CPU = Release|Any CPU
	EndGlobalSection
	GlobalSection(ProjectConfigurationPlatforms) = postSolution
		{51C51D5E-CCFC-4E30-BE89-4B5AE5F90F02}.Debug|Any CPU.ActiveCfg = Debug|Any CPU
		{51C51D5E-CCFC-4E30-BE89-4B5AE5F90F02}.Debug|Any CPU.Build.0 = Debug|Any CPU
		{51C51D5E-CCFC-4E30-BE89-4B5AE5F90F02}.Release|Any CPU.ActiveCfg = Release|Any CPU
		{51C51D5E-CCFC-4E30-BE89-4B5AE5F90F02}.Release|Any CPU.Build.0 = Release|Any CPU
	EndGlobalSection
	GlobalSection(SolutionProperties) = preSolution
		HideSolutionNode = FALSE
	EndGlobalSection
	GlobalSection(ExtensibilityGlobals) = postSolution
		SolutionGuid = {1DD60D99-8274-4E8E-8DD8-F49A2A5492F8}
	EndGlobalSection
EndGlobal
